
Microsoft Visual Studio Solution File, Format Version 12.00
# Visual Studio Version 17
VisualStudioVersion = 17.5.33414.496
MinimumVisualStudioVersion = 10.0.40219.1
Project("{FAE04EC0-301F-11D3-BF4B-00C04F79EFBC}") = "ConferenceApp", "ConferenceApp\ConferenceApp.csproj", "{16D93340-4E5B-44B1-B1F2-29513E8763E8}"
EndProject
Global
	GlobalSection(SolutionConfigurationPlatforms) = preSolution
		Debug|Any CPU = Debug|Any CPU
		Release|Any CPU = Release|Any CPU
	EndGlobalSection
	GlobalSection(ProjectConfigurationPlatforms) = postSolution
		{16D93340-4E5B-44B1-B1F2-29513E8763E8}.Debug|Any CPU.ActiveCfg = Debug|Any CPU
		{16D93340-4E5B-44B1-B1F2-29513E8763E8}.Debug|Any CPU.Build.0 = Debug|Any CPU
		{16D93340-4E5B-44B1-B1F2-29513E8763E8}.Release|Any CPU.ActiveCfg = Release|Any CPU
		{16D93340-4E5B-44B1-B1F2-29513E8763E8}.Release|Any CPU.Build.0 = Release|Any CPU
	EndGlobalSection
	GlobalSection(SolutionProperties) = preSolution
		HideSolutionNode = FALSE
	EndGlobalSection
	GlobalSection(ExtensibilityGlobals) = postSolution
		SolutionGuid = {E2324254-EEEE-4DE4-9AFA-A2C65AE20B4F}
	EndGlobalSection
EndGlobal
